{
  "name": "webkeypair",
  "version": "0.0.0",
  "lockfileVersion": 2,
  "requires": true,
  "packages": {
    "": {
      "name": "webkeypair",
      "version": "0.0.0",
      "license": "ISC",
      "devDependencies": {
        "@types/node": "^18.7.17"
      },
      "engines": {
        "node": ">18.0.0"
      }
    },
    "node_modules/@types/node": {
      "version": "18.7.17",
      "resolved": "https://registry.npmjs.org/@types/node/-/node-18.7.17.tgz",
      "integrity": "sha512-0UyfUnt02zIuqp7yC8RYtDkp/vo8bFaQ13KkSEvUAohPOAlnVNbj5Fi3fgPSuwzakS+EvvnnZ4x9y7i6ASaSPQ==",
      "dev": true
    }
  },
  "dependencies": {
    "@types/node": {
      "version": "18.7.17",
      "resolved": "https://registry.npmjs.org/@types/node/-/node-18.7.17.tgz",
      "integrity": "sha512-0UyfUnt02zIuqp7yC8RYtDkp/vo8bFaQ13KkSEvUAohPOAlnVNbj5Fi3fgPSuwzakS+EvvnnZ4x9y7i6ASaSPQ==",
      "dev": true
    }
  }
}
